{
  "name": "@camunda/client-components",
  "lockfileVersion": 3,
  "requires": true,
  "packages": {
    "": {
      "name": "@camunda/client-components",
      "workspaces": [
        "packages/*"
      ],
      "devDependencies": {
        "prettier": "3.6.2"
      }
    },
    "node_modules/@camunda/camunda-api-zod-schemas": {
      "resolved": "packages/camunda-api-zod-schemas",
      "link": true
    },
    "node_modules/prettier": {
      "version": "3.6.2",
      "resolved": "https://registry.npmjs.org/prettier/-/prettier-3.6.2.tgz",
      "integrity": "sha512-I7AIg5boAr5R0FFtJ6rCfD+LFsWHp81dolrFD8S79U9tb8Az2nGrJncnMSnys+bpQJfRUzqs9hnA81OAA3hCuQ==",
      "dev": true,
      "license": "MIT",
      "bin": {
        "prettier": "bin/prettier.cjs"
      },
      "engines": {
        "node": ">=14"
      },
      "funding": {
        "url": "https://github.com/prettier/prettier?sponsor=1"
      }
    },
    "node_modules/typescript": {
      "version": "5.9.2",
      "resolved": "https://registry.npmjs.org/typescript/-/typescript-5.9.2.tgz",
      "integrity": "sha512-CWBzXQrc/qOkhidw1OzBTQuYRbfyxDXJMVJ1XNwUHGROVmuaeiEm3OslpZ1RV96d7SKKjZKrSJu3+t/xlw3R9A==",
      "dev": true,
      "license": "Apache-2.0",
      "bin": {
        "tsc": "bin/tsc",
        "tsserver": "bin/tsserver"
      },
      "engines": {
        "node": ">=14.17"
      }
    },
    "packages/camunda-api-zod-schemas": {
      "name": "@camunda/camunda-api-zod-schemas",
      "devDependencies": {
        "typescript": "5.9.2"
      }
    }
  }
}
