dependencies:
- name: infra-preview-environments-ingress
  repository: oci://registry.camunda.cloud/library
  version: 1.6.11
- name: camunda-platform
  repository: https://helm.camunda.io
  version: 12.3.0
digest: sha256:66e99fa572390933f28a13b5a7828a06d81949150039c492e7eab9796d45e262
generated: "2025-08-19T22:34:24.068096413Z"
