dependencies:
- name: camunda-load-tests
  repository: https://camunda.github.io/camunda-load-tests-helm/
  version: 0.1.12
- name: prometheus-elasticsearch-exporter
  repository: oci://ghcr.io/prometheus-community/charts
  version: 7.2.1
- name: opensearch
  repository: https://opensearch-project.github.io/helm-charts/
  version: 2.38.0
digest: sha256:4a8e38b68ad7bd4e89d96c2495d98853322729e1e7801ef88feeaea8a68e44d2
generated: "2026-08-04T20:31:02.080590156Z"
