dependencies:
- name: camunda-load-tests
  repository: https://camunda.github.io/camunda-load-tests-helm/
  version: 0.1.13
- name: prometheus-elasticsearch-exporter
  repository: oci://ghcr.io/prometheus-community/charts
  version: 7.4.0
- name: opensearch
  repository: https://opensearch-project.github.io/helm-charts/
  version: 3.8.0
digest: sha256:2a3e72a8655321fcedb0a651af0cfeef52c194261f50663acf8616ad6513ee02
generated: "2026-09-08T14:05:11.317394554Z"
