dependencies:
- name: camunda-load-tests
  repository: https://camunda.github.io/camunda-load-tests-helm/
  version: 0.1.12
- name: prometheus-elasticsearch-exporter
  repository: oci://ghcr.io/prometheus-community/charts
  version: 7.2.1
- name: opensearch
  repository: https://opensearch-project.github.io/helm-charts/
  version: 3.7.0
digest: sha256:6dcb67e981d61edc87545842287d2e8cde1dc3be2b7a79bc6811524d97cb1b57
generated: "2026-08-04T21:07:56.927089841Z"
