version = 1
revision = 3
requires-python = ">=3.13"

[[package]]
name = "anyio"
version = "4.14.2"
source = { registry = "https://pypi.org/simple" }
dependencies = [
    { name = "idna" },
]
sdist = { url = "https://files.pythonhosted.org/packages/61/cc/a381afa6efea9f496eff839d4a6a1aed3bfafc7b3ab4b0d1b243a12573dd/anyio-4.14.2.tar.gz", hash = "sha256:cfa139f3ed1a23ee8f88a145ddb5ac7605b8bbfd8592baacd7ce3d8bb4313c7f", size = 260176, upload-time = "2026-07-12T20:29:07.082Z" }
wheels = [
    { url = "https://files.pythonhosted.org/packages/da/35/f2287558c17e29fafc8ef3daf819bb9834061cfa43bff8014f7df7f63bdc/anyio-4.14.2-py3-none-any.whl", hash = "sha256:9f505dda5ac9f0c8309b5e8bd445a8c2bf7246f3ce950121e45ea15bc41d1494", size = 125813, upload-time = "2026-07-12T20:29:05.763Z" },
]

[[package]]
name = "asyncclick"
version = "8.4.2.1"
source = { registry = "https://pypi.org/simple" }
dependencies = [
    { name = "colorama", marker = "sys_platform == 'win32'" },
]
sdist = { url = "https://files.pythonhosted.org/packages/fd/b2/2c90a32d9b9cf1a4a90ed39cc1177890d146f3f89ae375b061d72110659a/asyncclick-8.4.2.1.tar.gz", hash = "sha256:8f259376ae8d4fcd91961c8ad3e85e9b63c9cf181a122201c7dfed3d7f6024b8", size = 340830, upload-time = "2026-06-30T12:40:33.842Z" }
wheels = [
    { url = "https://files.pythonhosted.org/packages/a7/44/ee9baab53fe4ff487fa47a1c50b174d3b3fb583cf2e22ff5ee33f61be899/asyncclick-8.4.2.1-py3-none-any.whl", hash = "sha256:dbd533769c4e3ce831c05394027ea1cd606c09688e18abab13dbcfbf7dc5a142", size = 121917, upload-time = "2026-06-30T12:40:32.213Z" },
]

[[package]]
name = "certifi"
version = "2026.7.22"
source = { registry = "https://pypi.org/simple" }
sdist = { url = "https://files.pythonhosted.org/packages/a3/c2/24167ea9858356b47a87a50d39908bfdb72ceeefe0041586e704e5376b3a/certifi-2026.7.22.tar.gz", hash = "sha256:741e2c3b351ddf169a738da9f2c048608ff7f2c5cc02f1ebc6b118bb090d5d55", size = 138112, upload-time = "2026-07-22T03:35:12.644Z" }
wheels = [
    { url = "https://files.pythonhosted.org/packages/0b/a7/71ac2cff56fec219ed242bb11b8efb69fcc4bec75db06fb7bfe35de520e6/certifi-2026.7.22-py3-none-any.whl", hash = "sha256:62f22742b58a1a33014a2b6b706588a8d7e2a88ae7bd1a6ebe8c992928483775", size = 136983, upload-time = "2026-07-22T03:35:11.276Z" },
]

[[package]]
name = "colorama"
version = "0.4.6"
source = { registry = "https://pypi.org/simple" }
sdist = { url = "https://files.pythonhosted.org/packages/d8/53/6f443c9a4a8358a93a6792e2acffb9d9d5cb0a5cfd8802644b7b1c9a02e4/colorama-0.4.6.tar.gz", hash = "sha256:08695f5cb7ed6e0531a20572697297273c47b8cae5a63ffc6d6ed5c201be6e44", size = 27697, upload-time = "2022-10-25T02:36:22.414Z" }
wheels = [
    { url = "https://files.pythonhosted.org/packages/d1/d6/3965ed04c63042e047cb6a3e6ed1a63a35087b6a609aa3a15ed8ac56c221/colorama-0.4.6-py2.py3-none-any.whl", hash = "sha256:4f1d9991f5acc0ca119f9d443620b77f9d6b33703e51011c16baf57afb285fc6", size = 25335, upload-time = "2022-10-25T02:36:20.889Z" },
]

[[package]]
name = "h11"
version = "0.16.0"
source = { registry = "https://pypi.org/simple" }
sdist = { url = "https://files.pythonhosted.org/packages/01/ee/02a2c011bdab74c6fb3c75474d40b3052059d95df7e73351460c8588d963/h11-0.16.0.tar.gz", hash = "sha256:4e35b956cf45792e4caa5885e69fba00bdbc6ffafbfa020300e549b208ee5ff1", size = 101250, upload-time = "2025-04-24T03:35:25.427Z" }
wheels = [
    { url = "https://files.pythonhosted.org/packages/04/4b/29cac41a4d98d144bf5f6d33995617b185d14b22401f75ca86f384e87ff1/h11-0.16.0-py3-none-any.whl", hash = "sha256:63cf8bbe7522de3bf65932fda1d9c2772064ffb3dae62d55932da54b31cb6c86", size = 37515, upload-time = "2025-04-24T03:35:24.344Z" },
]

[[package]]
name = "httpcore"
version = "1.0.9"
source = { registry = "https://pypi.org/simple" }
dependencies = [
    { name = "certifi" },
    { name = "h11" },
]
sdist = { url = "https://files.pythonhosted.org/packages/06/94/82699a10bca87a5556c9c59b5963f2d039dbd239f25bc2a63907a05a14cb/httpcore-1.0.9.tar.gz", hash = "sha256:6e34463af53fd2ab5d807f399a9b45ea31c3dfa2276f15a2c3f00afff6e176e8", size = 85484, upload-time = "2025-04-24T22:06:22.219Z" }
wheels = [
    { url = "https://files.pythonhosted.org/packages/7e/f5/f66802a942d491edb555dd61e3a9961140fd64c90bce1eafd741609d334d/httpcore-1.0.9-py3-none-any.whl", hash = "sha256:2d400746a40668fc9dec9810239072b40b4484b640a8c38fd654a024c7a1bf55", size = 78784, upload-time = "2025-04-24T22:06:20.566Z" },
]

[[package]]
name = "httpx"
version = "0.28.1"
source = { registry = "https://pypi.org/simple" }
dependencies = [
    { name = "anyio" },
    { name = "certifi" },
    { name = "httpcore" },
    { name = "idna" },
]
sdist = { url = "https://files.pythonhosted.org/packages/b1/df/48c586a5fe32a0f01324ee087459e112ebb7224f646c0b5023f5e79e9956/httpx-0.28.1.tar.gz", hash = "sha256:75e98c5f16b0f35b567856f597f06ff2270a374470a5c2392242528e3e3e42fc", size = 141406, upload-time = "2024-12-06T15:37:23.222Z" }
wheels = [
    { url = "https://files.pythonhosted.org/packages/2a/39/e50c7c3a983047577ee07d2a9e53faf5a69493943ec3f6a384bdc792deb2/httpx-0.28.1-py3-none-any.whl", hash = "sha256:d909fcccc110f8c7faf814ca82a9a4d816bc5a6dbfea25d6591d6985b8ba59ad", size = 73517, upload-time = "2024-12-06T15:37:21.509Z" },
]

[[package]]
name = "idna"
version = "3.18"
source = { registry = "https://pypi.org/simple" }
sdist = { url = "https://files.pythonhosted.org/packages/cd/63/9496c57188a2ee585e0f1db071d75089a11e98aa86eb99d9d7618fc1edce/idna-3.18.tar.gz", hash = "sha256:ffb385a7e039654cef1ab9ef32c6fafe283c0c0467bba1d9029738ce4a14a848", size = 196711, upload-time = "2026-06-02T14:34:07.794Z" }
wheels = [
    { url = "https://files.pythonhosted.org/packages/1e/5e/d4e9f1a599fb8e573b7b87160658329fbf28d19eac2718f51fc3def3aa5a/idna-3.18-py3-none-any.whl", hash = "sha256:7f952cbe720b688055e3f87de14f5c3e5fdaa8bc3928985c4077ca689de849a2", size = 65455, upload-time = "2026-06-02T14:34:06.319Z" },
]

[[package]]
name = "load-test"
version = "0.1.0"
source = { editable = "." }
dependencies = [
    { name = "asyncclick" },
    { name = "httpx" },
    { name = "pyyaml" },
    { name = "rich" },
]

[package.dev-dependencies]
dev = [
    { name = "ruff" },
    { name = "ty" },
]

[package.metadata]
requires-dist = [
    { name = "asyncclick", specifier = ">=8.4.2.1" },
    { name = "httpx", specifier = ">=0.28.1" },
    { name = "pyyaml", specifier = ">=6.0.3" },
    { name = "rich", specifier = ">=15.0.0" },
]

[package.metadata.requires-dev]
dev = [
    { name = "ruff" },
    { name = "ty" },
]

[[package]]
name = "markdown-it-py"
version = "4.2.0"
source = { registry = "https://pypi.org/simple" }
dependencies = [
    { name = "mdurl" },
]
sdist = { url = "https://files.pythonhosted.org/packages/06/ff/7841249c247aa650a76b9ee4bbaeae59370dc8bfd2f6c01f3630c35eb134/markdown_it_py-4.2.0.tar.gz", hash = "sha256:04a21681d6fbb623de53f6f364d352309d4094dd4194040a10fd51833e418d49", size = 82454, upload-time = "2026-05-07T12:08:28.36Z" }
wheels = [
    { url = "https://files.pythonhosted.org/packages/b3/81/4da04ced5a082363ecfa159c010d200ecbd959ae410c10c0264a38cac0f5/markdown_it_py-4.2.0-py3-none-any.whl", hash = "sha256:9f7ebbcd14fe59494226453aed97c1070d83f8d24b6fc3a3bcf9a38092641c4a", size = 91687, upload-time = "2026-05-07T12:08:27.182Z" },
]

[[package]]
name = "mdurl"
version = "0.1.2"
source = { registry = "https://pypi.org/simple" }
sdist = { url = "https://files.pythonhosted.org/packages/d6/54/cfe61301667036ec958cb99bd3efefba235e65cdeb9c84d24a8293ba1d90/mdurl-0.1.2.tar.gz", hash = "sha256:bb413d29f5eea38f31dd4754dd7377d4465116fb207585f97bf925588687c1ba", size = 8729, upload-time = "2022-08-14T12:40:10.846Z" }
wheels = [
    { url = "https://files.pythonhosted.org/packages/b3/38/89ba8ad64ae25be8de66a6d463314cf1eb366222074cfda9ee839c56a4b4/mdurl-0.1.2-py3-none-any.whl", hash = "sha256:84008a41e51615a49fc9966191ff91509e3c40b939176e643fd50a5c2196b8f8", size = 9979, upload-time = "2022-08-14T12:40:09.779Z" },
]

[[package]]
name = "pygments"
version = "2.20.0"
source = { registry = "https://pypi.org/simple" }
sdist = { url = "https://files.pythonhosted.org/packages/c3/b2/bc9c9196916376152d655522fdcebac55e66de6603a76a02bca1b6414f6c/pygments-2.20.0.tar.gz", hash = "sha256:6757cd03768053ff99f3039c1a36d6c0aa0b263438fcab17520b30a303a82b5f", size = 4955991, upload-time = "2026-03-29T13:29:33.898Z" }
wheels = [
    { url = "https://files.pythonhosted.org/packages/f4/7e/a72dd26f3b0f4f2bf1dd8923c85f7ceb43172af56d63c7383eb62b332364/pygments-2.20.0-py3-none-any.whl", hash = "sha256:81a9e26dd42fd28a23a2d169d86d7ac03b46e2f8b59ed4698fb4785f946d0176", size = 1231151, upload-time = "2026-03-29T13:29:30.038Z" },
]

[[package]]
name = "pyyaml"
version = "6.0.3"
source = { registry = "https://pypi.org/simple" }
sdist = { url = "https://files.pythonhosted.org/packages/05/8e/961c0007c59b8dd7729d542c61a4d537767a59645b82a0b521206e1e25c2/pyyaml-6.0.3.tar.gz", hash = "sha256:d76623373421df22fb4cf8817020cbb7ef15c725b9d5e45f17e189bfc384190f", size = 130960, upload-time = "2025-09-25T21:33:16.546Z" }
wheels = [
    { url = "https://files.pythonhosted.org/packages/d1/11/0fd08f8192109f7169db964b5707a2f1e8b745d4e239b784a5a1dd80d1db/pyyaml-6.0.3-cp313-cp313-macosx_10_13_x86_64.whl", hash = "sha256:8da9669d359f02c0b91ccc01cac4a67f16afec0dac22c2ad09f46bee0697eba8", size = 181669, upload-time = "2025-09-25T21:32:23.673Z" },
    { url = "https://files.pythonhosted.org/packages/b1/16/95309993f1d3748cd644e02e38b75d50cbc0d9561d21f390a76242ce073f/pyyaml-6.0.3-cp313-cp313-macosx_11_0_arm64.whl", hash = "sha256:2283a07e2c21a2aa78d9c4442724ec1eb15f5e42a723b99cb3d822d48f5f7ad1", size = 173252, upload-time = "2025-09-25T21:32:25.149Z" },
    { url = "https://files.pythonhosted.org/packages/50/31/b20f376d3f810b9b2371e72ef5adb33879b25edb7a6d072cb7ca0c486398/pyyaml-6.0.3-cp313-cp313-manylinux2014_aarch64.manylinux_2_17_aarch64.manylinux_2_28_aarch64.whl", hash = "sha256:ee2922902c45ae8ccada2c5b501ab86c36525b883eff4255313a253a3160861c", size = 767081, upload-time = "2025-09-25T21:32:26.575Z" },
    { url = "https://files.pythonhosted.org/packages/49/1e/a55ca81e949270d5d4432fbbd19dfea5321eda7c41a849d443dc92fd1ff7/pyyaml-6.0.3-cp313-cp313-manylinux2014_s390x.manylinux_2_17_s390x.manylinux_2_28_s390x.whl", hash = "sha256:a33284e20b78bd4a18c8c2282d549d10bc8408a2a7ff57653c0cf0b9be0afce5", size = 841159, upload-time = "2025-09-25T21:32:27.727Z" },
    { url = "https://files.pythonhosted.org/packages/74/27/e5b8f34d02d9995b80abcef563ea1f8b56d20134d8f4e5e81733b1feceb2/pyyaml-6.0.3-cp313-cp313-manylinux2014_x86_64.manylinux_2_17_x86_64.manylinux_2_28_x86_64.whl", hash = "sha256:0f29edc409a6392443abf94b9cf89ce99889a1dd5376d94316ae5145dfedd5d6", size = 801626, upload-time = "2025-09-25T21:32:28.878Z" },
    { url = "https://files.pythonhosted.org/packages/f9/11/ba845c23988798f40e52ba45f34849aa8a1f2d4af4b798588010792ebad6/pyyaml-6.0.3-cp313-cp313-musllinux_1_2_aarch64.whl", hash = "sha256:f7057c9a337546edc7973c0d3ba84ddcdf0daa14533c2065749c9075001090e6", size = 753613, upload-time = "2025-09-25T21:32:30.178Z" },
    { url = "https://files.pythonhosted.org/packages/3d/e0/7966e1a7bfc0a45bf0a7fb6b98ea03fc9b8d84fa7f2229e9659680b69ee3/pyyaml-6.0.3-cp313-cp313-musllinux_1_2_x86_64.whl", hash = "sha256:eda16858a3cab07b80edaf74336ece1f986ba330fdb8ee0d6c0d68fe82bc96be", size = 794115, upload-time = "2025-09-25T21:32:31.353Z" },
    { url = "https://files.pythonhosted.org/packages/de/94/980b50a6531b3019e45ddeada0626d45fa85cbe22300844a7983285bed3b/pyyaml-6.0.3-cp313-cp313-win32.whl", hash = "sha256:d0eae10f8159e8fdad514efdc92d74fd8d682c933a6dd088030f3834bc8e6b26", size = 137427, upload-time = "2025-09-25T21:32:32.58Z" },
    { url = "https://files.pythonhosted.org/packages/97/c9/39d5b874e8b28845e4ec2202b5da735d0199dbe5b8fb85f91398814a9a46/pyyaml-6.0.3-cp313-cp313-win_amd64.whl", hash = "sha256:79005a0d97d5ddabfeeea4cf676af11e647e41d81c9a7722a193022accdb6b7c", size = 154090, upload-time = "2025-09-25T21:32:33.659Z" },
    { url = "https://files.pythonhosted.org/packages/73/e8/2bdf3ca2090f68bb3d75b44da7bbc71843b19c9f2b9cb9b0f4ab7a5a4329/pyyaml-6.0.3-cp313-cp313-win_arm64.whl", hash = "sha256:5498cd1645aa724a7c71c8f378eb29ebe23da2fc0d7a08071d89469bf1d2defb", size = 140246, upload-time = "2025-09-25T21:32:34.663Z" },
    { url = "https://files.pythonhosted.org/packages/9d/8c/f4bd7f6465179953d3ac9bc44ac1a8a3e6122cf8ada906b4f96c60172d43/pyyaml-6.0.3-cp314-cp314-macosx_10_13_x86_64.whl", hash = "sha256:8d1fab6bb153a416f9aeb4b8763bc0f22a5586065f86f7664fc23339fc1c1fac", size = 181814, upload-time = "2025-09-25T21:32:35.712Z" },
    { url = "https://files.pythonhosted.org/packages/bd/9c/4d95bb87eb2063d20db7b60faa3840c1b18025517ae857371c4dd55a6b3a/pyyaml-6.0.3-cp314-cp314-macosx_11_0_arm64.whl", hash = "sha256:34d5fcd24b8445fadc33f9cf348c1047101756fd760b4dacb5c3e99755703310", size = 173809, upload-time = "2025-09-25T21:32:36.789Z" },
    { url = "https://files.pythonhosted.org/packages/92/b5/47e807c2623074914e29dabd16cbbdd4bf5e9b2db9f8090fa64411fc5382/pyyaml-6.0.3-cp314-cp314-manylinux2014_aarch64.manylinux_2_17_aarch64.manylinux_2_28_aarch64.whl", hash = "sha256:501a031947e3a9025ed4405a168e6ef5ae3126c59f90ce0cd6f2bfc477be31b7", size = 766454, upload-time = "2025-09-25T21:32:37.966Z" },
    { url = "https://files.pythonhosted.org/packages/02/9e/e5e9b168be58564121efb3de6859c452fccde0ab093d8438905899a3a483/pyyaml-6.0.3-cp314-cp314-manylinux2014_s390x.manylinux_2_17_s390x.manylinux_2_28_s390x.whl", hash = "sha256:b3bc83488de33889877a0f2543ade9f70c67d66d9ebb4ac959502e12de895788", size = 836355, upload-time = "2025-09-25T21:32:39.178Z" },
    { url = "https://files.pythonhosted.org/packages/88/f9/16491d7ed2a919954993e48aa941b200f38040928474c9e85ea9e64222c3/pyyaml-6.0.3-cp314-cp314-manylinux2014_x86_64.manylinux_2_17_x86_64.manylinux_2_28_x86_64.whl", hash = "sha256:c458b6d084f9b935061bc36216e8a69a7e293a2f1e68bf956dcd9e6cbcd143f5", size = 794175, upload-time = "2025-09-25T21:32:40.865Z" },
    { url = "https://files.pythonhosted.org/packages/dd/3f/5989debef34dc6397317802b527dbbafb2b4760878a53d4166579111411e/pyyaml-6.0.3-cp314-cp314-musllinux_1_2_aarch64.whl", hash = "sha256:7c6610def4f163542a622a73fb39f534f8c101d690126992300bf3207eab9764", size = 755228, upload-time = "2025-09-25T21:32:42.084Z" },
    { url = "https://files.pythonhosted.org/packages/d7/ce/af88a49043cd2e265be63d083fc75b27b6ed062f5f9fd6cdc223ad62f03e/pyyaml-6.0.3-cp314-cp314-musllinux_1_2_x86_64.whl", hash = "sha256:5190d403f121660ce8d1d2c1bb2ef1bd05b5f68533fc5c2ea899bd15f4399b35", size = 789194, upload-time = "2025-09-25T21:32:43.362Z" },
    { url = "https://files.pythonhosted.org/packages/23/20/bb6982b26a40bb43951265ba29d4c246ef0ff59c9fdcdf0ed04e0687de4d/pyyaml-6.0.3-cp314-cp314-win_amd64.whl", hash = "sha256:4a2e8cebe2ff6ab7d1050ecd59c25d4c8bd7e6f400f5f82b96557ac0abafd0ac", size = 156429, upload-time = "2025-09-25T21:32:57.844Z" },
    { url = "https://files.pythonhosted.org/packages/f4/f4/a4541072bb9422c8a883ab55255f918fa378ecf083f5b85e87fc2b4eda1b/pyyaml-6.0.3-cp314-cp314-win_arm64.whl", hash = "sha256:93dda82c9c22deb0a405ea4dc5f2d0cda384168e466364dec6255b293923b2f3", size = 143912, upload-time = "2025-09-25T21:32:59.247Z" },
    { url = "https://files.pythonhosted.org/packages/7c/f9/07dd09ae774e4616edf6cda684ee78f97777bdd15847253637a6f052a62f/pyyaml-6.0.3-cp314-cp314t-macosx_10_13_x86_64.whl", hash = "sha256:02893d100e99e03eda1c8fd5c441d8c60103fd175728e23e431db1b589cf5ab3", size = 189108, upload-time = "2025-09-25T21:32:44.377Z" },
    { url = "https://files.pythonhosted.org/packages/4e/78/8d08c9fb7ce09ad8c38ad533c1191cf27f7ae1effe5bb9400a46d9437fcf/pyyaml-6.0.3-cp314-cp314t-macosx_11_0_arm64.whl", hash = "sha256:c1ff362665ae507275af2853520967820d9124984e0f7466736aea23d8611fba", size = 183641, upload-time = "2025-09-25T21:32:45.407Z" },
    { url = "https://files.pythonhosted.org/packages/7b/5b/3babb19104a46945cf816d047db2788bcaf8c94527a805610b0289a01c6b/pyyaml-6.0.3-cp314-cp314t-manylinux2014_aarch64.manylinux_2_17_aarch64.manylinux_2_28_aarch64.whl", hash = "sha256:6adc77889b628398debc7b65c073bcb99c4a0237b248cacaf3fe8a557563ef6c", size = 831901, upload-time = "2025-09-25T21:32:48.83Z" },
    { url = "https://files.pythonhosted.org/packages/8b/cc/dff0684d8dc44da4d22a13f35f073d558c268780ce3c6ba1b87055bb0b87/pyyaml-6.0.3-cp314-cp314t-manylinux2014_s390x.manylinux_2_17_s390x.manylinux_2_28_s390x.whl", hash = "sha256:a80cb027f6b349846a3bf6d73b5e95e782175e52f22108cfa17876aaeff93702", size = 861132, upload-time = "2025-09-25T21:32:50.149Z" },
    { url = "https://files.pythonhosted.org/packages/b1/5e/f77dc6b9036943e285ba76b49e118d9ea929885becb0a29ba8a7c75e29fe/pyyaml-6.0.3-cp314-cp314t-manylinux2014_x86_64.manylinux_2_17_x86_64.manylinux_2_28_x86_64.whl", hash = "sha256:00c4bdeba853cc34e7dd471f16b4114f4162dc03e6b7afcc2128711f0eca823c", size = 839261, upload-time = "2025-09-25T21:32:51.808Z" },
    { url = "https://files.pythonhosted.org/packages/ce/88/a9db1376aa2a228197c58b37302f284b5617f56a5d959fd1763fb1675ce6/pyyaml-6.0.3-cp314-cp314t-musllinux_1_2_aarch64.whl", hash = "sha256:66e1674c3ef6f541c35191caae2d429b967b99e02040f5ba928632d9a7f0f065", size = 805272, upload-time = "2025-09-25T21:32:52.941Z" },
    { url = "https://files.pythonhosted.org/packages/da/92/1446574745d74df0c92e6aa4a7b0b3130706a4142b2d1a5869f2eaa423c6/pyyaml-6.0.3-cp314-cp314t-musllinux_1_2_x86_64.whl", hash = "sha256:16249ee61e95f858e83976573de0f5b2893b3677ba71c9dd36b9cf8be9ac6d65", size = 829923, upload-time = "2025-09-25T21:32:54.537Z" },
    { url = "https://files.pythonhosted.org/packages/f0/7a/1c7270340330e575b92f397352af856a8c06f230aa3e76f86b39d01b416a/pyyaml-6.0.3-cp314-cp314t-win_amd64.whl", hash = "sha256:4ad1906908f2f5ae4e5a8ddfce73c320c2a1429ec52eafd27138b7f1cbe341c9", size = 174062, upload-time = "2025-09-25T21:32:55.767Z" },
    { url = "https://files.pythonhosted.org/packages/f1/12/de94a39c2ef588c7e6455cfbe7343d3b2dc9d6b6b2f40c4c6565744c873d/pyyaml-6.0.3-cp314-cp314t-win_arm64.whl", hash = "sha256:ebc55a14a21cb14062aa4162f906cd962b28e2e9ea38f9b4391244cd8de4ae0b", size = 149341, upload-time = "2025-09-25T21:32:56.828Z" },
]

[[package]]
name = "rich"
version = "15.0.0"
source = { registry = "https://pypi.org/simple" }
dependencies = [
    { name = "markdown-it-py" },
    { name = "pygments" },
]
sdist = { url = "https://files.pythonhosted.org/packages/c0/8f/0722ca900cc807c13a6a0c696dacf35430f72e0ec571c4275d2371fca3e9/rich-15.0.0.tar.gz", hash = "sha256:edd07a4824c6b40189fb7ac9bc4c52536e9780fbbfbddf6f1e2502c31b068c36", size = 230680, upload-time = "2026-04-12T08:24:00.75Z" }
wheels = [
    { url = "https://files.pythonhosted.org/packages/82/3b/64d4899d73f91ba49a8c18a8ff3f0ea8f1c1d75481760df8c68ef5235bf5/rich-15.0.0-py3-none-any.whl", hash = "sha256:33bd4ef74232fb73fe9279a257718407f169c09b78a87ad3d296f548e27de0bb", size = 310654, upload-time = "2026-04-12T08:24:02.83Z" },
]

[[package]]
name = "ruff"
version = "0.15.21"
source = { registry = "https://pypi.org/simple" }
sdist = { url = "https://files.pythonhosted.org/packages/0f/36/6f65aa9989acdec45d417192d8f4e7921931d8a6cf87ac74bce3eed98a8e/ruff-0.15.21.tar.gz", hash = "sha256:d0cfc841c572283c36548f82664a54ce6565567f1b0d5b4cf2caac693d8b7500", size = 4769401, upload-time = "2026-07-09T20:01:34.005Z" }
wheels = [
    { url = "https://files.pythonhosted.org/packages/d0/c6/ede15cac6839f3dbce52565c8f5164a8210e669c7bc4decb03e5bdf47d0d/ruff-0.15.21-py3-none-linux_armv6l.whl", hash = "sha256:63ea0e965e5d73c90e95b2434beeafc70820536717f561b32ab6e777cb9bdf5d", size = 10854342, upload-time = "2026-07-09T20:00:53.998Z" },
    { url = "https://files.pythonhosted.org/packages/28/9d/d825b07ee7ea9e2d61df92a860033c94e06e7300d50a1c2653aac27d24fe/ruff-0.15.21-py3-none-macosx_10_12_x86_64.whl", hash = "sha256:0f212c5d7d54c01bbfe6dcab02b724a39300f3e34ed7acbe995ccb320a2c58bd", size = 11139539, upload-time = "2026-07-09T20:00:57.809Z" },
    { url = "https://files.pythonhosted.org/packages/f5/de/3b107712e642f063c7a9e0887c427b22cb44097de5aab36c05f2e280670c/ruff-0.15.21-py3-none-macosx_11_0_arm64.whl", hash = "sha256:e6312e41bc96791299614995ea3a977c5857c3b5662b1ecef6755b02b87cb646", size = 10595437, upload-time = "2026-07-09T20:01:00.006Z" },
    { url = "https://files.pythonhosted.org/packages/9a/6f/b4523cc90ba239ede441447a19d0c968846a3012e5a0b0c5b62831a3d5e3/ruff-0.15.21-py3-none-manylinux_2_17_aarch64.manylinux2014_aarch64.whl", hash = "sha256:01d65b4831c6b2a4ba8ee6faa84049d44d982b7a706e622c4094c509e51673be", size = 10990053, upload-time = "2026-07-09T20:01:02.187Z" },
    { url = "https://files.pythonhosted.org/packages/92/cc/c6a9872a5375f0628875481cf2f66b13d7d865bf3ca2e57f91c7e762d976/ruff-0.15.21-py3-none-manylinux_2_17_armv7l.manylinux2014_armv7l.whl", hash = "sha256:2c5a913a589120ce67933d5d05fd6ddbcc2481c6a054980ee767f7414c72b4fd", size = 10666096, upload-time = "2026-07-09T20:01:04.299Z" },
    { url = "https://files.pythonhosted.org/packages/ab/97/c621f7a17e097f1790fa3af6374138823b330b2d03fc38337945daca212c/ruff-0.15.21-py3-none-manylinux_2_17_i686.manylinux2014_i686.whl", hash = "sha256:5ef04b681d02ad4dc9620f00f83ac5c22f652d0e9a9cfe431d219b16ad5ccc41", size = 11537011, upload-time = "2026-07-09T20:01:06.771Z" },
    { url = "https://files.pythonhosted.org/packages/ea/51/d928727e476e25ccc57c6f449ffd80241a651a973ad949d39cfb2a771d28/ruff-0.15.21-py3-none-manylinux_2_17_ppc64le.manylinux2014_ppc64le.whl", hash = "sha256:16d090c0740916594157e75b80d666eab8e78083b39b3b0e1d698f4670a17b86", size = 12347101, upload-time = "2026-07-09T20:01:08.859Z" },
    { url = "https://files.pythonhosted.org/packages/1e/88/8cd62026802b16018ad06931d87997cf795ba2a6239ab659606c87d96bf0/ruff-0.15.21-py3-none-manylinux_2_17_s390x.manylinux2014_s390x.whl", hash = "sha256:3a10e74757dd65004d779b73e2f3c5210156d9980b41224d50d2ebcf1db51e67", size = 11572001, upload-time = "2026-07-09T20:01:11.092Z" },
    { url = "https://files.pythonhosted.org/packages/b2/97/f63084cf55444fc110e8cb985ebfcc592af47f597d44453d778cb81bc156/ruff-0.15.21-py3-none-manylinux_2_17_x86_64.manylinux2014_x86_64.whl", hash = "sha256:bab0905d2f29e0d9fbc3c373ed23db0095edaa3f71f1f4f519ec15134d9e85c8", size = 11549239, upload-time = "2026-07-09T20:01:13.27Z" },
    { url = "https://files.pythonhosted.org/packages/9d/77/f107da4a2874b7715914b03f09ba9c54424de3ff8a1cc5d015d3ee2ce0ac/ruff-0.15.21-py3-none-manylinux_2_31_riscv64.whl", hash = "sha256:00eca240af5789fec6fe7df74c088cc1f9644ed83027113468efba7c92b94075", size = 11535340, upload-time = "2026-07-09T20:01:15.206Z" },
    { url = "https://files.pythonhosted.org/packages/d5/e9/601deb322d3303a7bf212b0100ead6f2ee3f6a044d89c30f2f92bf83c731/ruff-0.15.21-py3-none-musllinux_1_2_aarch64.whl", hash = "sha256:262ab31557a75141325e32d3357f3597645a7f084e732b6b054dde428ecd9341", size = 10964048, upload-time = "2026-07-09T20:01:17.723Z" },
    { url = "https://files.pythonhosted.org/packages/ea/2e/0f2176d1e99c15192caea19c8c3a0a955246b4cb4de795042eeb616345cd/ruff-0.15.21-py3-none-musllinux_1_2_armv7l.whl", hash = "sha256:659c4e7a4212f83306045ec7c5e5a356d16d9a6ef4ae0c7a4d872914fc655d9d", size = 10667055, upload-time = "2026-07-09T20:01:19.73Z" },
    { url = "https://files.pythonhosted.org/packages/48/60/abd74a02e0c4214f12a68becfd30af7165cfdcb0e661ecdc60bbb949c09a/ruff-0.15.21-py3-none-musllinux_1_2_i686.whl", hash = "sha256:9e866eab611a5f959d36df2d10e446973a3610bc42b0c15b31dc27977d59c233", size = 11242043, upload-time = "2026-07-09T20:01:21.947Z" },
    { url = "https://files.pythonhosted.org/packages/b2/c6/583075d8ccabb4b229345edcaf1545eb3d8d6be90f686a479d7e94088bbf/ruff-0.15.21-py3-none-musllinux_1_2_x86_64.whl", hash = "sha256:e89bc93c0d3803ba870b55c29671bad9dc6d94bb1eb181b056b52eb05b52854f", size = 11648064, upload-time = "2026-07-09T20:01:24.023Z" },
    { url = "https://files.pythonhosted.org/packages/3a/3c/37d0ecb729a7cc2d393ea7dce316fc585680f35d93b8d62139d7d0a3700c/ruff-0.15.21-py3-none-win32.whl", hash = "sha256:01f8d5be84823c172b389e123174f781f9daf86d6c58719d603f941932195cdd", size = 10896555, upload-time = "2026-07-09T20:01:26.941Z" },
    { url = "https://files.pythonhosted.org/packages/c0/b8/e43466b2a6067ce91e669068f6e28d6c719a920f014b070d5c8731725de3/ruff-0.15.21-py3-none-win_amd64.whl", hash = "sha256:d4b8d9a2f0f12b816b50447f6eccb9f4bb01a6b82c86b50fb3b5354b458dc6d3", size = 12038772, upload-time = "2026-07-09T20:01:29.497Z" },
    { url = "https://files.pythonhosted.org/packages/dd/75/e90ab9aeece218a9fc5a5bc3ec97d0ee6bb3c4ff95869463c1de58e29a1c/ruff-0.15.21-py3-none-win_arm64.whl", hash = "sha256:6e83115d4b9377c1cbc13abf0e051f069fab0ef815ea0504a8a008cee24dd0a8", size = 11375265, upload-time = "2026-07-09T20:01:31.772Z" },
]

[[package]]
name = "ty"
version = "0.0.59"
source = { registry = "https://pypi.org/simple" }
sdist = { url = "https://files.pythonhosted.org/packages/95/b0/84ae7b3bf6e3e9f57eb9635eeff5a80b36e57aa089f40be0fb5c384fa176/ty-0.0.59.tar.gz", hash = "sha256:53e53ffeed78ad59cd237fa8ea1316d2b94e13efdea9a945698acab549e005aa", size = 6145435, upload-time = "2026-07-12T20:22:02.781Z" }
wheels = [
    { url = "https://files.pythonhosted.org/packages/57/e8/650b42fbef4d48e6ca682b0b6e9b68fa8fcf55cbb0a6892ab89990018b6f/ty-0.0.59-py3-none-linux_armv6l.whl", hash = "sha256:f8fb08a767ef8f11ea3c537b9d77860726cc2bc39e6f77ad13c02d5b289f20a7", size = 11700328, upload-time = "2026-07-12T20:21:26.046Z" },
    { url = "https://files.pythonhosted.org/packages/22/ac/0ca3a89d5f59ae5f308e5e83428cac5f9143200767743e052fba90b4b81e/ty-0.0.59-py3-none-macosx_10_12_x86_64.whl", hash = "sha256:c7f4d5630836c8a0ba13dd4ac7bdae080a7d6ebe965b817ff642dc961bcf2a53", size = 11494310, upload-time = "2026-07-12T20:21:28.491Z" },
    { url = "https://files.pythonhosted.org/packages/f3/f8/5076de6001cefbccd8e6dc8472262697e43308ff66b0e87c72abba136357/ty-0.0.59-py3-none-macosx_11_0_arm64.whl", hash = "sha256:872f6fb02c6db5553c4d5fb283b3d50f0985fb9a29a910e4fda4793a775c1926", size = 11026797, upload-time = "2026-07-12T20:21:30.879Z" },
    { url = "https://files.pythonhosted.org/packages/2e/0f/fca28481b6a138e2b798ad9fdc98a095475f9104948ba242fce4b477782b/ty-0.0.59-py3-none-manylinux_2_17_aarch64.manylinux2014_aarch64.whl", hash = "sha256:2af8eefbfe806337770eec12c0c819c5f1b8f5b85f8369cb1cc9fa25234a2208", size = 11475304, upload-time = "2026-07-12T20:21:33.041Z" },
    { url = "https://files.pythonhosted.org/packages/08/4b/1fed8b81b389ef4bbc0400f19e05fc16496b162577779dc0e5fc65ac216c/ty-0.0.59-py3-none-manylinux_2_17_armv7l.manylinux2014_armv7l.whl", hash = "sha256:0acf8b76a1c9a7ddef460b42475f6c76193164426ab080783af1c3175b4b999b", size = 11533131, upload-time = "2026-07-12T20:21:35.189Z" },
    { url = "https://files.pythonhosted.org/packages/5f/fc/04eec35e05a10e0fea1c6503a290ccc3935efda9c845aff64e83282c1af7/ty-0.0.59-py3-none-manylinux_2_17_i686.manylinux2014_i686.whl", hash = "sha256:043c2e00eb1d7475f928af7dedd71f69b64e69bfca55e36f4c968479e1373fc4", size = 12205932, upload-time = "2026-07-12T20:21:37.324Z" },
    { url = "https://files.pythonhosted.org/packages/a9/dd/a61de859659fa11b55917ad38340a8f2c61f5ae17d1874929f29084c6990/ty-0.0.59-py3-none-manylinux_2_17_ppc64le.manylinux2014_ppc64le.whl", hash = "sha256:f0d688d857441df57f48fca66c029d85cf737c510e7be1d01144cdad1e58d968", size = 12758406, upload-time = "2026-07-12T20:21:39.525Z" },
    { url = "https://files.pythonhosted.org/packages/c6/e8/fa66f05997eab8ca75fc4f17320140e25467849e0cc75597f898cc22099c/ty-0.0.59-py3-none-manylinux_2_17_s390x.manylinux2014_s390x.whl", hash = "sha256:a96c9f88394a3b42c737e2125b2330543f0d90a43b49761f377d96f8c3ee0d62", size = 12288176, upload-time = "2026-07-12T20:21:41.784Z" },
    { url = "https://files.pythonhosted.org/packages/15/68/0fca59963bd5123f42d5f7da50667e7a52e8e9615e3a16d8c2c0d3b2d143/ty-0.0.59-py3-none-manylinux_2_17_x86_64.manylinux2014_x86_64.whl", hash = "sha256:f08dbcb268edcafcb152e59475b5b495ce28d0b340a395c09943557678f4d5a6", size = 12028471, upload-time = "2026-07-12T20:21:43.82Z" },
    { url = "https://files.pythonhosted.org/packages/e1/5b/cd7dabbbab392578f11179919da5c25d8c3322e5388a688f539ea0539603/ty-0.0.59-py3-none-manylinux_2_31_riscv64.whl", hash = "sha256:8812764b9a40fdc98df1272826e73a298ef56b06681135e643bcf90aad1896f7", size = 12297646, upload-time = "2026-07-12T20:21:45.76Z" },
    { url = "https://files.pythonhosted.org/packages/1d/37/2e9c94f0b383d8cbe1a35517ab470b7810bc9d7501603ab532bcd5be5e90/ty-0.0.59-py3-none-musllinux_1_2_aarch64.whl", hash = "sha256:fd53b8581641d8dad7bfac6d5ea589e91a883d6837e0b9a286fdae30722b7c69", size = 11432519, upload-time = "2026-07-12T20:21:47.694Z" },
    { url = "https://files.pythonhosted.org/packages/9d/0a/af93e9785200f11ac416cc20235fc2464c9bd978e791190684ea0e458795/ty-0.0.59-py3-none-musllinux_1_2_armv7l.whl", hash = "sha256:86da5872124a41877d95058bc17d33ddcff034b587eb5f1e2917ab88ba227dac", size = 11554993, upload-time = "2026-07-12T20:21:49.671Z" },
    { url = "https://files.pythonhosted.org/packages/4b/dd/651bf87e20d00376c81b19124756491cffaf20eb8bec05a8794e5a8cf641/ty-0.0.59-py3-none-musllinux_1_2_i686.whl", hash = "sha256:6a233eef5f2fd4d894881e4a0aec83c9f172bfae1d787d6596ee1939fcc7723e", size = 11818230, upload-time = "2026-07-12T20:21:51.659Z" },
    { url = "https://files.pythonhosted.org/packages/16/50/c947c4155fea751d135b19affdf734bbce72a94e446b866cf0c62f8bed69/ty-0.0.59-py3-none-musllinux_1_2_x86_64.whl", hash = "sha256:7ff678c18b5f1e3128b75a35e50dee7908dea55155baa31cd790619d5014cbf5", size = 12135194, upload-time = "2026-07-12T20:21:53.796Z" },
    { url = "https://files.pythonhosted.org/packages/b1/13/e5feb138888de1e95037c843571bbbd4ac21bf0a190507468098599a321f/ty-0.0.59-py3-none-win32.whl", hash = "sha256:cf8abb4b8095c5fe39102b8127f5886db308c8d4600909ddbc905512ce9c8163", size = 11179249, upload-time = "2026-07-12T20:21:55.752Z" },
    { url = "https://files.pythonhosted.org/packages/76/dd/52914dcbeeba92c207de40ef7109a58dcb5527aeb21c8f8feb7402aa9e29/ty-0.0.59-py3-none-win_amd64.whl", hash = "sha256:1dde20a82243d24407869e5a608c2f15efddd5cefc662aef461a5af84bfb3f8b", size = 12251079, upload-time = "2026-07-12T20:21:58.1Z" },
    { url = "https://files.pythonhosted.org/packages/d4/8f/ac36fde77e223297454c1e0aeb8888c169eaacf3163bb609e3af942c88cb/ty-0.0.59-py3-none-win_arm64.whl", hash = "sha256:987043ee9e021f49493d9135891ac69c1affeee0d4ad4480c5fa4d9c975fc91b", size = 11650921, upload-time = "2026-07-12T20:22:00.348Z" },
]
