{
  "definitions": [
    {
      "protopath": "gateway.proto",
      "def": {
        "enums": [
          {
            "name": "Partition.PartitionBrokerRole",
            "enum_fields": [
              {
                "name": "LEADER"
              },
              {
                "name": "FOLLOWER",
                "integer": 1
              },
              {
                "name": "INACTIVE",
                "integer": 2
              }
            ]
          },
          {
            "name": "Partition.PartitionBrokerHealth",
            "enum_fields": [
              {
                "name": "HEALTHY"
              },
              {
                "name": "UNHEALTHY",
                "integer": 1
              },
              {
                "name": "DEAD",
                "integer": 2
              }
            ]
          }
        ],
        "messages": [
          {
            "name": "ActivateJobsRequest",
            "fields": [
              {
                "id": 1,
                "name": "type",
                "type": "string"
              },
              {
                "id": 2,
                "name": "worker",
                "type": "string"
              },
              {
                "id": 3,
                "name": "timeout",
                "type": "int64"
              },
              {
                "id": 4,
                "name": "maxJobsToActivate",
                "type": "int32"
              },
              {
                "id": 5,
                "name": "fetchVariable",
                "type": "string",
                "is_repeated": true
              },
              {
                "id": 6,
                "name": "requestTimeout",
                "type": "int64"
              }
            ]
          },
          {
            "name": "ActivateJobsResponse",
            "fields": [
              {
                "id": 1,
                "name": "jobs",
                "type": "ActivatedJob",
                "is_repeated": true
              }
            ]
          },
          {
            "name": "ActivatedJob",
            "fields": [
              {
                "id": 1,
                "name": "key",
                "type": "int64"
              },
              {
                "id": 2,
                "name": "type",
                "type": "string"
              },
              {
                "id": 3,
                "name": "processInstanceKey",
                "type": "int64"
              },
              {
                "id": 4,
                "name": "bpmnProcessId",
                "type": "string"
              },
              {
                "id": 5,
                "name": "processDefinitionVersion",
                "type": "int32"
              },
              {
                "id": 6,
                "name": "processDefinitionKey",
                "type": "int64"
              },
              {
                "id": 7,
                "name": "elementId",
                "type": "string"
              },
              {
                "id": 8,
                "name": "elementInstanceKey",
                "type": "int64"
              },
              {
                "id": 9,
                "name": "customHeaders",
                "type": "string"
              },
              {
                "id": 10,
                "name": "worker",
                "type": "string"
              },
              {
                "id": 11,
                "name": "retries",
                "type": "int32"
              },
              {
                "id": 12,
                "name": "deadline",
                "type": "int64"
              },
              {
                "id": 13,
                "name": "variables",
                "type": "string"
              }
            ]
          },
          {
            "name": "CancelProcessInstanceRequest",
            "fields": [
              {
                "id": 1,
                "name": "processInstanceKey",
                "type": "int64"
              }
            ]
          },
          {
            "name": "CancelProcessInstanceResponse"
          },
          {
            "name": "CompleteJobRequest",
            "fields": [
              {
                "id": 1,
                "name": "jobKey",
                "type": "int64"
              },
              {
                "id": 2,
                "name": "variables",
                "type": "string"
              }
            ]
          },
          {
            "name": "CompleteJobResponse"
          },
          {
            "name": "CreateProcessInstanceRequest",
            "fields": [
              {
                "id": 1,
                "name": "processDefinitionKey",
                "type": "int64"
              },
              {
                "id": 2,
                "name": "bpmnProcessId",
                "type": "string"
              },
              {
                "id": 3,
                "name": "version",
                "type": "int32"
              },
              {
                "id": 4,
                "name": "variables",
                "type": "string"
              },
              {
                "id": 5,
                "name": "startInstructions",
                "type": "ProcessInstanceCreationStartInstruction",
                "is_repeated": true
              }
            ]
          },
          {
            "name": "ProcessInstanceCreationStartInstruction",
            "fields": [
              {
                "id": 1,
                "name": "elementId",
                "type": "string"
              }
            ]
          },
          {
            "name": "CreateProcessInstanceResponse",
            "fields": [
              {
                "id": 1,
                "name": "processDefinitionKey",
                "type": "int64"
              },
              {
                "id": 2,
                "name": "bpmnProcessId",
                "type": "string"
              },
              {
                "id": 3,
                "name": "version",
                "type": "int32"
              },
              {
                "id": 4,
                "name": "processInstanceKey",
                "type": "int64"
              }
            ]
          },
          {
            "name": "CreateProcessInstanceWithResultRequest",
            "fields": [
              {
                "id": 1,
                "name": "request",
                "type": "CreateProcessInstanceRequest"
              },
              {
                "id": 2,
                "name": "requestTimeout",
                "type": "int64"
              },
              {
                "id": 3,
                "name": "fetchVariables",
                "type": "string",
                "is_repeated": true
              }
            ]
          },
          {
            "name": "CreateProcessInstanceWithResultResponse",
            "fields": [
              {
                "id": 1,
                "name": "processDefinitionKey",
                "type": "int64"
              },
              {
                "id": 2,
                "name": "bpmnProcessId",
                "type": "string"
              },
              {
                "id": 3,
                "name": "version",
                "type": "int32"
              },
              {
                "id": 4,
                "name": "processInstanceKey",
                "type": "int64"
              },
              {
                "id": 5,
                "name": "variables",
                "type": "string"
              }
            ]
          },
          {
            "name": "EvaluateDecisionRequest",
            "fields": [
              {
                "id": 1,
                "name": "decisionKey",
                "type": "int64"
              },
              {
                "id": 2,
                "name": "decisionId",
                "type": "string"
              },
              {
                "id": 3,
                "name": "variables",
                "type": "string"
              }
            ]
          },
          {
            "name": "EvaluateDecisionResponse",
            "fields": [
              {
                "id": 1,
                "name": "decisionKey",
                "type": "int64"
              },
              {
                "id": 2,
                "name": "decisionId",
                "type": "string"
              },
              {
                "id": 3,
                "name": "decisionName",
                "type": "string"
              },
              {
                "id": 4,
                "name": "decisionVersion",
                "type": "int32"
              },
              {
                "id": 5,
                "name": "decisionRequirementsId",
                "type": "string"
              },
              {
                "id": 6,
                "name": "decisionRequirementsKey",
                "type": "int64"
              },
              {
                "id": 7,
                "name": "decisionOutput",
                "type": "string"
              },
              {
                "id": 8,
                "name": "evaluatedDecisions",
                "type": "EvaluatedDecision",
                "is_repeated": true
              },
              {
                "id": 9,
                "name": "failedDecisionId",
                "type": "string"
              },
              {
                "id": 10,
                "name": "failureMessage",
                "type": "string"
              }
            ]
          },
          {
            "name": "EvaluatedDecision",
            "fields": [
              {
                "id": 1,
                "name": "decisionKey",
                "type": "int64"
              },
              {
                "id": 2,
                "name": "decisionId",
                "type": "string"
              },
              {
                "id": 3,
                "name": "decisionName",
                "type": "string"
              },
              {
                "id": 4,
                "name": "decisionVersion",
                "type": "int32"
              },
              {
                "id": 5,
                "name": "decisionType",
                "type": "string"
              },
              {
                "id": 6,
                "name": "decisionOutput",
                "type": "string"
              },
              {
                "id": 7,
                "name": "matchedRules",
                "type": "MatchedDecisionRule",
                "is_repeated": true
              },
              {
                "id": 8,
                "name": "evaluatedInputs",
                "type": "EvaluatedDecisionInput",
                "is_repeated": true
              }
            ]
          },
          {
            "name": "EvaluatedDecisionInput",
            "fields": [
              {
                "id": 1,
                "name": "inputId",
                "type": "string"
              },
              {
                "id": 2,
                "name": "inputName",
                "type": "string"
              },
              {
                "id": 3,
                "name": "inputValue",
                "type": "string"
              }
            ]
          },
          {
            "name": "EvaluatedDecisionOutput",
            "fields": [
              {
                "id": 1,
                "name": "outputId",
                "type": "string"
              },
              {
                "id": 2,
                "name": "outputName",
                "type": "string"
              },
              {
                "id": 3,
                "name": "outputValue",
                "type": "string"
              }
            ]
          },
          {
            "name": "MatchedDecisionRule",
            "fields": [
              {
                "id": 1,
                "name": "ruleId",
                "type": "string"
              },
              {
                "id": 2,
                "name": "ruleIndex",
                "type": "int32"
              },
              {
                "id": 3,
                "name": "evaluatedOutputs",
                "type": "EvaluatedDecisionOutput",
                "is_repeated": true
              }
            ]
          },
          {
            "name": "DeployProcessRequest",
            "fields": [
              {
                "id": 1,
                "name": "processes",
                "type": "ProcessRequestObject",
                "is_repeated": true
              }
            ],
            "options": [
              {
                "name": "deprecated",
                "value": "true"
              }
            ]
          },
          {
            "name": "ProcessRequestObject",
            "fields": [
              {
                "id": 1,
                "name": "name",
                "type": "string"
              },
              {
                "id": 2,
                "name": "definition",
                "type": "bytes"
              }
            ],
            "options": [
              {
                "name": "deprecated",
                "value": "true"
              }
            ]
          },
          {
            "name": "DeployProcessResponse",
            "fields": [
              {
                "id": 1,
                "name": "key",
                "type": "int64"
              },
              {
                "id": 2,
                "name": "processes",
                "type": "ProcessMetadata",
                "is_repeated": true
              }
            ],
            "options": [
              {
                "name": "deprecated",
                "value": "true"
              }
            ]
          },
          {
            "name": "DeployResourceRequest",
            "fields": [
              {
                "id": 1,
                "name": "resources",
                "type": "Resource",
                "is_repeated": true
              }
            ]
          },
          {
            "name": "Resource",
            "fields": [
              {
                "id": 1,
                "name": "name",
                "type": "string"
              },
              {
                "id": 2,
                "name": "content",
                "type": "bytes"
              }
            ]
          },
          {
            "name": "DeployResourceResponse",
            "fields": [
              {
                "id": 1,
                "name": "key",
                "type": "int64"
              },
              {
                "id": 2,
                "name": "deployments",
                "type": "Deployment",
                "is_repeated": true
              }
            ]
          },
          {
            "name": "Deployment",
            "fields": [
              {
                "id": 1,
                "name": "process",
                "type": "ProcessMetadata"
              },
              {
                "id": 2,
                "name": "decision",
                "type": "DecisionMetadata"
              },
              {
                "id": 3,
                "name": "decisionRequirements",
                "type": "DecisionRequirementsMetadata"
              }
            ]
          },
          {
            "name": "ProcessMetadata",
            "fields": [
              {
                "id": 1,
                "name": "bpmnProcessId",
                "type": "string"
              },
              {
                "id": 2,
                "name": "version",
                "type": "int32"
              },
              {
                "id": 3,
                "name": "processDefinitionKey",
                "type": "int64"
              },
              {
                "id": 4,
                "name": "resourceName",
                "type": "string"
              }
            ]
          },
          {
            "name": "DecisionMetadata",
            "fields": [
              {
                "id": 1,
                "name": "dmnDecisionId",
                "type": "string"
              },
              {
                "id": 2,
                "name": "dmnDecisionName",
                "type": "string"
              },
              {
                "id": 3,
                "name": "version",
                "type": "int32"
              },
              {
                "id": 4,
                "name": "decisionKey",
                "type": "int64"
              },
              {
                "id": 5,
                "name": "dmnDecisionRequirementsId",
                "type": "string"
              },
              {
                "id": 6,
                "name": "decisionRequirementsKey",
                "type": "int64"
              }
            ]
          },
          {
            "name": "DecisionRequirementsMetadata",
            "fields": [
              {
                "id": 1,
                "name": "dmnDecisionRequirementsId",
                "type": "string"
              },
              {
                "id": 2,
                "name": "dmnDecisionRequirementsName",
                "type": "string"
              },
              {
                "id": 3,
                "name": "version",
                "type": "int32"
              },
              {
                "id": 4,
                "name": "decisionRequirementsKey",
                "type": "int64"
              },
              {
                "id": 5,
                "name": "resourceName",
                "type": "string"
              }
            ]
          },
          {
            "name": "FailJobRequest",
            "fields": [
              {
                "id": 1,
                "name": "jobKey",
                "type": "int64"
              },
              {
                "id": 2,
                "name": "retries",
                "type": "int32"
              },
              {
                "id": 3,
                "name": "errorMessage",
                "type": "string"
              },
              {
                "id": 4,
                "name": "retryBackOff",
                "type": "int64"
              },
              {
                "id": 5,
                "name": "variables",
                "type": "string"
              }
            ]
          },
          {
            "name": "FailJobResponse"
          },
          {
            "name": "ThrowErrorRequest",
            "fields": [
              {
                "id": 1,
                "name": "jobKey",
                "type": "int64"
              },
              {
                "id": 2,
                "name": "errorCode",
                "type": "string"
              },
              {
                "id": 3,
                "name": "errorMessage",
                "type": "string"
              },
              {
                "id": 4,
                "name": "variables",
                "type": "string"
              }
            ]
          },
          {
            "name": "ThrowErrorResponse"
          },
          {
            "name": "PublishMessageRequest",
            "fields": [
              {
                "id": 1,
                "name": "name",
                "type": "string"
              },
              {
                "id": 2,
                "name": "correlationKey",
                "type": "string"
              },
              {
                "id": 3,
                "name": "timeToLive",
                "type": "int64"
              },
              {
                "id": 4,
                "name": "messageId",
                "type": "string"
              },
              {
                "id": 5,
                "name": "variables",
                "type": "string"
              }
            ]
          },
          {
            "name": "PublishMessageResponse",
            "fields": [
              {
                "id": 1,
                "name": "key",
                "type": "int64"
              }
            ]
          },
          {
            "name": "ResolveIncidentRequest",
            "fields": [
              {
                "id": 1,
                "name": "incidentKey",
                "type": "int64"
              }
            ]
          },
          {
            "name": "ResolveIncidentResponse"
          },
          {
            "name": "TopologyRequest"
          },
          {
            "name": "TopologyResponse",
            "fields": [
              {
                "id": 1,
                "name": "brokers",
                "type": "BrokerInfo",
                "is_repeated": true
              },
              {
                "id": 2,
                "name": "clusterSize",
                "type": "int32"
              },
              {
                "id": 3,
                "name": "partitionsCount",
                "type": "int32"
              },
              {
                "id": 4,
                "name": "replicationFactor",
                "type": "int32"
              },
              {
                "id": 5,
                "name": "gatewayVersion",
                "type": "string"
              }
            ]
          },
          {
            "name": "BrokerInfo",
            "fields": [
              {
                "id": 1,
                "name": "nodeId",
                "type": "int32"
              },
              {
                "id": 2,
                "name": "host",
                "type": "string"
              },
              {
                "id": 3,
                "name": "port",
                "type": "int32"
              },
              {
                "id": 4,
                "name": "partitions",
                "type": "Partition",
                "is_repeated": true
              },
              {
                "id": 5,
                "name": "version",
                "type": "string"
              }
            ]
          },
          {
            "name": "Partition",
            "fields": [
              {
                "id": 1,
                "name": "partitionId",
                "type": "int32"
              },
              {
                "id": 2,
                "name": "role",
                "type": "PartitionBrokerRole"
              },
              {
                "id": 3,
                "name": "health",
                "type": "PartitionBrokerHealth"
              }
            ]
          },
          {
            "name": "UpdateJobRetriesRequest",
            "fields": [
              {
                "id": 1,
                "name": "jobKey",
                "type": "int64"
              },
              {
                "id": 2,
                "name": "retries",
                "type": "int32"
              }
            ]
          },
          {
            "name": "UpdateJobRetriesResponse"
          },
          {
            "name": "SetVariablesRequest",
            "fields": [
              {
                "id": 1,
                "name": "elementInstanceKey",
                "type": "int64"
              },
              {
                "id": 2,
                "name": "variables",
                "type": "string"
              },
              {
                "id": 3,
                "name": "local",
                "type": "bool"
              }
            ]
          },
          {
            "name": "SetVariablesResponse",
            "fields": [
              {
                "id": 1,
                "name": "key",
                "type": "int64"
              }
            ]
          },
          {
            "name": "ModifyProcessInstanceRequest",
            "fields": [
              {
                "id": 1,
                "name": "processInstanceKey",
                "type": "int64"
              },
              {
                "id": 2,
                "name": "activateInstructions",
                "type": "ActivateInstruction",
                "is_repeated": true
              },
              {
                "id": 3,
                "name": "terminateInstructions",
                "type": "TerminateInstruction",
                "is_repeated": true
              }
            ],
            "messages": [
              {
                "name": "ActivateInstruction",
                "fields": [
                  {
                    "id": 1,
                    "name": "elementId",
                    "type": "string"
                  },
                  {
                    "id": 2,
                    "name": "ancestorElementInstanceKey",
                    "type": "int64"
                  },
                  {
                    "id": 3,
                    "name": "variableInstructions",
                    "type": "VariableInstruction",
                    "is_repeated": true
                  }
                ]
              },
              {
                "name": "VariableInstruction",
                "fields": [
                  {
                    "id": 1,
                    "name": "variables",
                    "type": "string"
                  },
                  {
                    "id": 2,
                    "name": "scopeId",
                    "type": "string"
                  }
                ]
              },
              {
                "name": "TerminateInstruction",
                "fields": [
                  {
                    "id": 1,
                    "name": "elementInstanceKey",
                    "type": "int64"
                  }
                ]
              }
            ]
          },
          {
            "name": "ModifyProcessInstanceResponse"
          },
          {
            "name": "DeleteResourceRequest",
            "fields": [
              {
                "id": 1,
                "name": "resourceKey",
                "type": "int64"
              }
            ]
          },
          {
            "name": "DeleteResourceResponse"
          },
          {
            "name": "BroadcastSignalRequest",
            "fields": [
              {
                "id": 1,
                "name": "signalName",
                "type": "string"
              },
              {
                "id": 2,
                "name": "variables",
                "type": "string"
              }
            ]
          },
          {
            "name": "BroadcastSignalResponse",
            "fields": [
              {
                "id": 1,
                "name": "key",
                "type": "int64"
              }
            ]
          }
        ],
        "services": [
          {
            "name": "Gateway",
            "rpcs": [
              {
                "name": "ActivateJobs",
                "in_type": "ActivateJobsRequest",
                "out_type": "ActivateJobsResponse",
                "out_streamed": true
              },
              {
                "name": "CancelProcessInstance",
                "in_type": "CancelProcessInstanceRequest",
                "out_type": "CancelProcessInstanceResponse"
              },
              {
                "name": "CompleteJob",
                "in_type": "CompleteJobRequest",
                "out_type": "CompleteJobResponse"
              },
              {
                "name": "CreateProcessInstance",
                "in_type": "CreateProcessInstanceRequest",
                "out_type": "CreateProcessInstanceResponse"
              },
              {
                "name": "CreateProcessInstanceWithResult",
                "in_type": "CreateProcessInstanceWithResultRequest",
                "out_type": "CreateProcessInstanceWithResultResponse"
              },
              {
                "name": "EvaluateDecision",
                "in_type": "EvaluateDecisionRequest",
                "out_type": "EvaluateDecisionResponse"
              },
              {
                "name": "DeployProcess",
                "in_type": "DeployProcessRequest",
                "out_type": "DeployProcessResponse",
                "options": [
                  {
                    "name": "deprecated",
                    "value": "true"
                  }
                ]
              },
              {
                "name": "DeployResource",
                "in_type": "DeployResourceRequest",
                "out_type": "DeployResourceResponse"
              },
              {
                "name": "FailJob",
                "in_type": "FailJobRequest",
                "out_type": "FailJobResponse"
              },
              {
                "name": "ThrowError",
                "in_type": "ThrowErrorRequest",
                "out_type": "ThrowErrorResponse"
              },
              {
                "name": "PublishMessage",
                "in_type": "PublishMessageRequest",
                "out_type": "PublishMessageResponse"
              },
              {
                "name": "ResolveIncident",
                "in_type": "ResolveIncidentRequest",
                "out_type": "ResolveIncidentResponse"
              },
              {
                "name": "SetVariables",
                "in_type": "SetVariablesRequest",
                "out_type": "SetVariablesResponse"
              },
              {
                "name": "Topology",
                "in_type": "TopologyRequest",
                "out_type": "TopologyResponse"
              },
              {
                "name": "UpdateJobRetries",
                "in_type": "UpdateJobRetriesRequest",
                "out_type": "UpdateJobRetriesResponse"
              },
              {
                "name": "ModifyProcessInstance",
                "in_type": "ModifyProcessInstanceRequest",
                "out_type": "ModifyProcessInstanceResponse"
              },
              {
                "name": "DeleteResource",
                "in_type": "DeleteResourceRequest",
                "out_type": "DeleteResourceResponse"
              },
              {
                "name": "BroadcastSignal",
                "in_type": "BroadcastSignalRequest",
                "out_type": "BroadcastSignalResponse"
              }
            ]
          }
        ],
        "package": {
          "name": "gateway_protocol"
        },
        "options": [
          {
            "name": "java_multiple_files",
            "value": "false"
          },
          {
            "name": "java_package",
            "value": "io.camunda.zeebe.gateway.protocol"
          },
          {
            "name": "go_package",
            "value": "./;pb"
          }
        ]
      }
    }
  ]
}