{
  "name": "camunda-coverage-frontend-new",
  "version": "1.0.0",
  "lockfileVersion": 3,
  "requires": true,
  "packages": {
    "": {
      "name": "camunda-coverage-frontend-new",
      "version": "1.0.0",
      "dependencies": {
        "bootstrap": "^5.3.7",
        "bootstrap-icons": "^1.13.1",
        "bpmn-js": "^18.16.1"
      },
      "engines": {
        "node": ">=20.0.0"
      }
    },
    "node_modules/@bpmn-io/diagram-js-ui": {
      "version": "0.2.3",
      "resolved": "https://registry.npmjs.org/@bpmn-io/diagram-js-ui/-/diagram-js-ui-0.2.3.tgz",
      "integrity": "sha512-OGyjZKvGK8tHSZ0l7RfeKhilGoOGtFDcoqSGYkX0uhFlo99OVZ9Jn1K7TJGzcE9BdKwvA5Y5kGqHEhdTxHvFfw==",
      "license": "MIT",
      "dependencies": {
        "htm": "^3.1.1",
        "preact": "^10.11.2"
      }
    },
    "node_modules/@popperjs/core": {
      "version": "2.11.8",
      "resolved": "https://registry.npmjs.org/@popperjs/core/-/core-2.11.8.tgz",
      "integrity": "sha512-P1st0aksCrn9sGZhp8GMYwBnQsbvAWsZAX44oXNNvLHGqAOcoVxmjZiohstwQ7SqKnbR47akdNi+uleWD8+g6A==",
      "license": "MIT",
      "peer": true,
      "funding": {
        "type": "opencollective",
        "url": "https://opencollective.com/popperjs"
      }
    },
    "node_modules/bootstrap": {
      "version": "5.3.8",
      "resolved": "https://registry.npmjs.org/bootstrap/-/bootstrap-5.3.8.tgz",
      "integrity": "sha512-HP1SZDqaLDPwsNiqRqi5NcP0SSXciX2s9E+RyqJIIqGo+vJeN5AJVM98CXmW/Wux0nQ5L7jeWUdplCEf0Ee+tg==",
      "funding": [
        {
          "type": "github",
          "url": "https://github.com/sponsors/twbs"
        },
        {
          "type": "opencollective",
          "url": "https://opencollective.com/bootstrap"
        }
      ],
      "license": "MIT",
      "peerDependencies": {
        "@popperjs/core": "^2.11.8"
      }
    },
    "node_modules/bootstrap-icons": {
      "version": "1.13.1",
      "resolved": "https://registry.npmjs.org/bootstrap-icons/-/bootstrap-icons-1.13.1.tgz",
      "integrity": "sha512-ijombt4v6bv5CLeXvRWKy7CuM3TRTuPEuGaGKvTV5cz65rQSY8RQ2JcHt6b90cBBAC7s8fsf2EkQDldzCoXUjw==",
      "funding": [
        {
          "type": "github",
          "url": "https://github.com/sponsors/twbs"
        },
        {
          "type": "opencollective",
          "url": "https://opencollective.com/bootstrap"
        }
      ],
      "license": "MIT"
    },
    "node_modules/bpmn-js": {
      "version": "18.16.1",
      "resolved": "https://registry.npmjs.org/bpmn-js/-/bpmn-js-18.16.1.tgz",
      "integrity": "sha512-qdJp/1JbKY3JtqB2L7LF4VEJtVlbl9AGkvyUjzJlBJ8jURNNTx+22OdrZMVNPxaGOjW+nuHK38ObFCmMCp/Kcg==",
      "license": "SEE LICENSE IN LICENSE",
      "dependencies": {
        "bpmn-moddle": "^10.0.0",
        "diagram-js": "^15.14.0",
        "diagram-js-direct-editing": "^3.3.0",
        "ids": "^3.0.2",
        "inherits-browser": "^0.1.0",
        "min-dash": "^5.0.0",
        "min-dom": "^5.3.0",
        "tiny-svg": "^4.1.4"
      },
      "engines": {
        "node": "*"
      }
    },
    "node_modules/bpmn-moddle": {
      "version": "10.0.0",
      "resolved": "https://registry.npmjs.org/bpmn-moddle/-/bpmn-moddle-10.0.0.tgz",
      "integrity": "sha512-vXePD5jkatcILmM3zwJG/m6IIHIghTGB7WvgcdEraEw8E8VdJHrTgrvBUhbzqaXJpnsGQz15QS936xeBY6l9aA==",
      "license": "MIT",
      "dependencies": {
        "min-dash": "^5.0.0",
        "moddle": "^8.0.0",
        "moddle-xml": "^12.0.0"
      },
      "engines": {
        "node": ">= 20.12"
      }
    },
    "node_modules/clsx": {
      "version": "2.1.1",
      "resolved": "https://registry.npmjs.org/clsx/-/clsx-2.1.1.tgz",
      "integrity": "sha512-eYm0QWBtUrBWZWG0d386OGAw16Z995PiOVo2B7bjWSbHedGl5e0ZWaq65kOGgUSNesEIDkB9ISbTg/JK9dhCZA==",
      "license": "MIT",
      "engines": {
        "node": ">=6"
      }
    },
    "node_modules/diagram-js": {
      "version": "15.14.0",
      "resolved": "https://registry.npmjs.org/diagram-js/-/diagram-js-15.14.0.tgz",
      "integrity": "sha512-xXIKBgK9qC5YIfdUs0Qx+rSlz3DNGMtYxx+pRK+U8eVBD184eZnLCu6KVzaZXXyyC5YRirQayorCVI55Ulhzvg==",
      "license": "MIT",
      "dependencies": {
        "@bpmn-io/diagram-js-ui": "^0.2.3",
        "clsx": "^2.1.1",
        "didi": "^11.0.0",
        "inherits-browser": "^0.1.0",
        "min-dash": "^5.0.0",
        "min-dom": "^5.3.0",
        "object-refs": "^0.4.0",
        "path-intersection": "^4.1.0",
        "tiny-svg": "^4.1.4"
      },
      "engines": {
        "node": "*"
      }
    },
    "node_modules/diagram-js-direct-editing": {
      "version": "3.3.0",
      "resolved": "https://registry.npmjs.org/diagram-js-direct-editing/-/diagram-js-direct-editing-3.3.0.tgz",
      "integrity": "sha512-EjXYb35J3qBU8lLz5U81hn7wNykVmF7U5DXZ7BvPok2IX7rmPz+ZyaI5AEMiqaC6lpSnHqPxFcPgKEiJcAiv5w==",
      "license": "MIT",
      "dependencies": {
        "min-dash": "^5.0.0",
        "min-dom": "^5.2.0"
      },
      "engines": {
        "node": "*"
      },
      "peerDependencies": {
        "diagram-js": "*"
      }
    },
    "node_modules/didi": {
      "version": "11.0.0",
      "resolved": "https://registry.npmjs.org/didi/-/didi-11.0.0.tgz",
      "integrity": "sha512-PzCfRzQttvFpVcYMbSF7h8EsWjeJpVjWH4qDhB5LkMi1ILvHq4Ob0vhM2wLFziPkbUBi+PAo7ODbe2sacR7nJQ==",
      "license": "MIT",
      "engines": {
        "node": ">= 20.12"
      }
    },
    "node_modules/domify": {
      "version": "3.0.0",
      "resolved": "https://registry.npmjs.org/domify/-/domify-3.0.0.tgz",
      "integrity": "sha512-bs2yO68JDFOm6rKv8f0EnrM2cENduhRkpqOtt/s5l5JBA/eqGBZCzLPmdYoHtJ6utgLGgcBajFsEQbl12pT0lQ==",
      "license": "MIT",
      "engines": {
        "node": ">=20"
      },
      "funding": {
        "url": "https://github.com/sponsors/sindresorhus"
      }
    },
    "node_modules/htm": {
      "version": "3.1.1",
      "resolved": "https://registry.npmjs.org/htm/-/htm-3.1.1.tgz",
      "integrity": "sha512-983Vyg8NwUE7JkZ6NmOqpCZ+sh1bKv2iYTlUkzlWmA5JD2acKoxd4KVxbMmxX/85mtfdnDmTFoNKcg5DGAvxNQ==",
      "license": "Apache-2.0"
    },
    "node_modules/ids": {
      "version": "3.0.2",
      "resolved": "https://registry.npmjs.org/ids/-/ids-3.0.2.tgz",
      "integrity": "sha512-t6YJP4mdC+GHF96Nbis/4FEANhP/8VWmYMvUuYpXvSdrhg5hpIVbq2XZlOA3UWTbtdwPCi0q7jEXOdHkAnqOnw==",
      "license": "MIT",
      "engines": {
        "node": ">= 20.12"
      }
    },
    "node_modules/inherits-browser": {
      "version": "0.1.0",
      "resolved": "https://registry.npmjs.org/inherits-browser/-/inherits-browser-0.1.0.tgz",
      "integrity": "sha512-CJHHvW3jQ6q7lzsXPpapLdMx5hDpSF3FSh45pwsj6bKxJJ8Nl8v43i5yXnr3BdfOimGHKyniewQtnAIp3vyJJw==",
      "license": "ISC"
    },
    "node_modules/min-dash": {
      "version": "5.0.0",
      "resolved": "https://registry.npmjs.org/min-dash/-/min-dash-5.0.0.tgz",
      "integrity": "sha512-EGuoBnVL7/Fnv2sqakpX5WGmZehZ3YMmLayT7sM8E9DRU74kkeyMg4Rik1lsOkR2GbFNeBca4/L+UfU6gF0Edw==",
      "license": "MIT"
    },
    "node_modules/min-dom": {
      "version": "5.3.0",
      "resolved": "https://registry.npmjs.org/min-dom/-/min-dom-5.3.0.tgz",
      "integrity": "sha512-0w5FEBgPAyHhmFojW3zxd7we3D+m5XYS3E/06OyvxmbHJoiQVa4Nagj6RWvoAKYRw5xth6cP5TMePc5cR1M9hA==",
      "license": "MIT",
      "dependencies": {
        "domify": "^3.0.0",
        "min-dash": "^5.0.0"
      }
    },
    "node_modules/moddle": {
      "version": "8.1.0",
      "resolved": "https://registry.npmjs.org/moddle/-/moddle-8.1.0.tgz",
      "integrity": "sha512-dBddc1CNuZHgro8nQWwfPZ2BkyLWdnxoNpPu9d+XKPN96DAiiBOeBw527ft++ebDuFez5PMdaR3pgUgoOaUGrA==",
      "license": "MIT",
      "dependencies": {
        "min-dash": "^5.0.0"
      }
    },
    "node_modules/moddle-xml": {
      "version": "12.0.0",
      "resolved": "https://registry.npmjs.org/moddle-xml/-/moddle-xml-12.0.0.tgz",
      "integrity": "sha512-NJc2+sCe4tvuGlaUBcoZcYf6j9f+z+qxHOyGm/LB3ZrlJXVPPHoBTg/KXgDRCufdBJhJ3AheFs3QU/abABNzRg==",
      "license": "MIT",
      "dependencies": {
        "min-dash": "^5.0.0",
        "saxen": "^11.0.2"
      },
      "engines": {
        "node": ">= 18"
      },
      "peerDependencies": {
        "moddle": ">= 6.2.0"
      }
    },
    "node_modules/object-refs": {
      "version": "0.4.0",
      "resolved": "https://registry.npmjs.org/object-refs/-/object-refs-0.4.0.tgz",
      "integrity": "sha512-6kJqKWryKZmtte6QYvouas0/EIJKPI1/MMIuRsiBlNuhIMfqYTggzX2F1AJ2+cDs288xyi9GL7FyasHINR98BQ==",
      "license": "MIT",
      "engines": {
        "node": "*"
      }
    },
    "node_modules/path-intersection": {
      "version": "4.1.0",
      "resolved": "https://registry.npmjs.org/path-intersection/-/path-intersection-4.1.0.tgz",
      "integrity": "sha512-urUP6WvhnxbHPdHYl6L7Yrc6+1ny6uOFKPCzPxTSUSYGHG0o94RmI7SvMMaScNAM5RtTf08bg4skc6/kjfne3A==",
      "license": "MIT",
      "engines": {
        "node": ">= 14.20"
      }
    },
    "node_modules/preact": {
      "version": "10.29.1",
      "resolved": "https://registry.npmjs.org/preact/-/preact-10.29.1.tgz",
      "integrity": "sha512-gQCLc/vWroE8lIpleXtdJhTFDogTdZG9AjMUpVkDf2iTCNwYNWA+u16dL41TqUDJO4gm2IgrcMv3uTpjd4Pwmg==",
      "license": "MIT",
      "funding": {
        "type": "opencollective",
        "url": "https://opencollective.com/preact"
      }
    },
    "node_modules/saxen": {
      "version": "11.0.2",
      "resolved": "https://registry.npmjs.org/saxen/-/saxen-11.0.2.tgz",
      "integrity": "sha512-WDb4gqac8uiJzOdOdVpr9NWh9NrJMm7Brn5GX2Poj+mjE/QTXqYQENr8T/mom54dDDgbd3QjwTg23TRHYiWXRA==",
      "license": "MIT",
      "engines": {
        "node": ">= 20.12"
      }
    },
    "node_modules/tiny-svg": {
      "version": "4.1.4",
      "resolved": "https://registry.npmjs.org/tiny-svg/-/tiny-svg-4.1.4.tgz",
      "integrity": "sha512-cBaEACCbouYrQc9RG+eTXnPYosX1Ijqty/I6DdXovwDd89Pwu4jcmpOR7BuFEF9YCcd7/AWwasE0207WMK7hdw==",
      "license": "MIT",
      "engines": {
        "node": ">= 20"
      }
    }
  }
}
